
Microsoft Visual Studio Solution File, Format Version 12.00
# Visual Studio Version 16
VisualStudioVersion = 16.0.29609.76
MinimumVisualStudioVersion = 10.0.40219.1
Project("{FAE04EC0-301F-11D3-BF4B-00C04F79EFBC}") = "Episode Renamer", "Episode Renamer\Episode Renamer.csproj", "{46CB0349-C01E-49E5-8C8F-0F5E1D4A0BC5}"
EndProject
Global
	GlobalSection(SolutionConfigurationPlatforms) = preSolution
		Debug|Any CPU = Debug|Any CPU
		Release|Any CPU = Release|Any CPU
	EndGlobalSection
	GlobalSection(ProjectConfigurationPlatforms) = postSolution
		{46CB0349-C01E-49E5-8C8F-0F5E1D4A0BC5}.Debug|Any CPU.ActiveCfg = Debug|Any CPU
		{46CB0349-C01E-49E5-8C8F-0F5E1D4A0BC5}.Debug|Any CPU.Build.0 = Debug|Any CPU
		{46CB0349-C01E-49E5-8C8F-0F5E1D4A0BC5}.Release|Any CPU.ActiveCfg = Release|Any CPU
		{46CB0349-C01E-49E5-8C8F-0F5E1D4A0BC5}.Release|Any CPU.Build.0 = Release|Any CPU
	EndGlobalSection
	GlobalSection(SolutionProperties) = preSolution
		HideSolutionNode = FALSE
	EndGlobalSection
	GlobalSection(ExtensibilityGlobals) = postSolution
		SolutionGuid = {7FBE84A6-8D29-49B4-A0B7-086267496624}
	EndGlobalSection
EndGlobal
